// !$*UTF8*$!
{
	archiveVersion = 1;
	classes = {
	};
	objectVersion = 55;
	objects = {

/* Begin PBXBuildFile section */
		AE4A3E0B289BABFA00300ABD /* MovieDetailTableViewCell.swift in Sources */ = {isa = PBXBuildFile; fileRef = AE4A3E09289BABFA00300ABD /* MovieDetailTableViewCell.swift */; };
		AE4A3E0C289BABFA00300ABD /* MovieDetailTableViewCell.xib in Resources */ = {isa = PBXBuildFile; fileRef = AE4A3E0A289BABFA00300ABD /* MovieDetailTableViewCell.xib */; };
		AE4A3E0F289BAC2F00300ABD /* MovieDetailViewController.swift in Sources */ = {isa = PBXBuildFile; fileRef = AE4A3E0E289BAC2F00300ABD /* MovieDetailViewController.swift */; };
		AE4A3E11289BAC3B00300ABD /* MovieDetail.storyboard in Resources */ = {isa = PBXBuildFile; fileRef = AE4A3E10289BAC3B00300ABD /* MovieDetail.storyboard */; };
		AE4A3E14289BAFBF00300ABD /* JGProgressHUD in Frameworks */ = {isa = PBXBuildFile; productRef = AE4A3E13289BAFBF00300ABD /* JGProgressHUD */; };
		AE4A3E16289BBC7000300ABD /* ActorInfoStruct.swift in Sources */ = {isa = PBXBuildFile; fileRef = AE4A3E15289BBC7000300ABD /* ActorInfoStruct.swift */; };
		AE4A3E18289C00EE00300ABD /* MovieInfoStruct.swift in Sources */ = {isa = PBXBuildFile; fileRef = AE4A3E17289C00EE00300ABD /* MovieInfoStruct.swift */; };
		AE4A3E1B289C0DA200300ABD /* OverViewTableViewCell.swift in Sources */ = {isa = PBXBuildFile; fileRef = AE4A3E19289C0DA200300ABD /* OverViewTableViewCell.swift */; };
		AE4A3E1C289C0DA200300ABD /* OverViewTableViewCell.xib in Resources */ = {isa = PBXBuildFile; fileRef = AE4A3E1A289C0DA200300ABD /* OverViewTableViewCell.xib */; };
		AE4A3E24289CF3AD00300ABD /* TMDBAPIManger.swift in Sources */ = {isa = PBXBuildFile; fileRef = AE4A3E23289CF3AD00300ABD /* TMDBAPIManger.swift */; };
		AE4A3E26289CFAAB00300ABD /* MovieVideo.storyboard in Resources */ = {isa = PBXBuildFile; fileRef = AE4A3E25289CFAAB00300ABD /* MovieVideo.storyboard */; };
		AE4A3E28289CFAD700300ABD /* MovieVideoViewController.swift in Sources */ = {isa = PBXBuildFile; fileRef = AE4A3E27289CFAD700300ABD /* MovieVideoViewController.swift */; };
		AECAA3B9289EB6E10080758C /* EndPoint.swift in Sources */ = {isa = PBXBuildFile; fileRef = AECAA3B8289EB6E10080758C /* EndPoint.swift */; };
		AECAA3BB289EBE170080758C /* CrewInfoStruct.swift in Sources */ = {isa = PBXBuildFile; fileRef = AECAA3BA289EBE170080758C /* CrewInfoStruct.swift */; };
		AECAA3C3289EC7DD0080758C /* CrewTableViewCell.swift in Sources */ = {isa = PBXBuildFile; fileRef = AECAA3C1289EC7DD0080758C /* CrewTableViewCell.swift */; };
		AECAA3C4289EC7DD0080758C /* CrewTableViewCell.xib in Resources */ = {isa = PBXBuildFile; fileRef = AECAA3C2289EC7DD0080758C /* CrewTableViewCell.xib */; };
		AED4005E289A65D100705D27 /* SwiftyJSON in Frameworks */ = {isa = PBXBuildFile; productRef = AED4005D289A65D100705D27 /* SwiftyJSON */; };
		AED40061289A65DB00705D27 /* Alamofire in Frameworks */ = {isa = PBXBuildFile; productRef = AED40060289A65DB00705D27 /* Alamofire */; };
		AED40064289A65E800705D27 /* Kingfisher in Frameworks */ = {isa = PBXBuildFile; productRef = AED40063289A65E800705D27 /* Kingfisher */; };
		AED40069289A74ED00705D27 /* TMDBCollectionViewCell.swift in Sources */ = {isa = PBXBuildFile; fileRef = AED40067289A74ED00705D27 /* TMDBCollectionViewCell.swift */; };
		AED4006A289A74ED00705D27 /* TMDBCollectionViewCell.xib in Resources */ = {isa = PBXBuildFile; fileRef = AED40068289A74ED00705D27 /* TMDBCollectionViewCell.xib */; };
		AED4006C289A857300705D27 /* ReusableViewProtocol.swift in Sources */ = {isa = PBXBuildFile; fileRef = AED4006B289A857300705D27 /* ReusableViewProtocol.swift */; };
		AED5CF002899FD3A00E96202 /* AppDelegate.swift in Sources */ = {isa = PBXBuildFile; fileRef = AED5CEFF2899FD3A00E96202 /* AppDelegate.swift */; };
		AED5CF022899FD3A00E96202 /* SceneDelegate.swift in Sources */ = {isa = PBXBuildFile; fileRef = AED5CF012899FD3A00E96202 /* SceneDelegate.swift */; };
		AED5CF042899FD3A00E96202 /* TMDBViewController.swift in Sources */ = {isa = PBXBuildFile; fileRef = AED5CF032899FD3A00E96202 /* TMDBViewController.swift */; };
		AED5CF072899FD3A00E96202 /* Main.storyboard in Resources */ = {isa = PBXBuildFile; fileRef = AED5CF052899FD3A00E96202 /* Main.storyboard */; };
		AED5CF092899FD3C00E96202 /* Assets.xcassets in Resources */ = {isa = PBXBuildFile; fileRef = AED5CF082899FD3C00E96202 /* Assets.xcassets */; };
		AED5CF0C2899FD3C00E96202 /* LaunchScreen.storyboard in Resources */ = {isa = PBXBuildFile; fileRef = AED5CF0A2899FD3C00E96202 /* LaunchScreen.storyboard */; };
		AED5CF142899FD4F00E96202 /* .gitignore in Resources */ = {isa = PBXBuildFile; fileRef = AED5CF132899FD4F00E96202 /* .gitignore */; };
		AED5CF162899FD6F00E96202 /* APIKey.swift in Sources */ = {isa = PBXBuildFile; fileRef = AED5CF152899FD6F00E96202 /* APIKey.swift */; };
/* End PBXBuildFile section */

/* Begin PBXFileReference section */
		AE4A3E09289BABFA00300ABD /* MovieDetailTableViewCell.swift */ = {isa = PBXFileReference; lastKnownFileType = sourcecode.swift; path = MovieDetailTableViewCell.swift; sourceTree = "<group>"; };
		AE4A3E0A289BABFA00300ABD /* MovieDetailTableViewCell.xib */ = {isa = PBXFileReference; lastKnownFileType = file.xib; path = MovieDetailTableViewCell.xib; sourceTree = "<group>"; };
		AE4A3E0E289BAC2F00300ABD /* MovieDetailViewController.swift */ = {isa = PBXFileReference; lastKnownFileType = sourcecode.swift; path = MovieDetailViewController.swift; sourceTree = "<group>"; };
		AE4A3E10289BAC3B00300ABD /* MovieDetail.storyboard */ = {isa = PBXFileReference; lastKnownFileType = file.storyboard; path = MovieDetail.storyboard; sourceTree = "<group>"; };
		AE4A3E15289BBC7000300ABD /* ActorInfoStruct.swift */ = {isa = PBXFileReference; lastKnownFileType = sourcecode.swift; path = ActorInfoStruct.swift; sourceTree = "<group>"; };
		AE4A3E17289C00EE00300ABD /* MovieInfoStruct.swift */ = {isa = PBXFileReference; lastKnownFileType = sourcecode.swift; path = MovieInfoStruct.swift; sourceTree = "<group>"; };
		AE4A3E19289C0DA200300ABD /* OverViewTableViewCell.swift */ = {isa = PBXFileReference; lastKnownFileType = sourcecode.swift; path = OverViewTableViewCell.swift; sourceTree = "<group>"; };
		AE4A3E1A289C0DA200300ABD /* OverViewTableViewCell.xib */ = {isa = PBXFileReference; lastKnownFileType = file.xib; path = OverViewTableViewCell.xib; sourceTree = "<group>"; };
		AE4A3E23289CF3AD00300ABD /* TMDBAPIManger.swift */ = {isa = PBXFileReference; lastKnownFileType = sourcecode.swift; path = TMDBAPIManger.swift; sourceTree = "<group>"; };
		AE4A3E25289CFAAB00300ABD /* MovieVideo.storyboard */ = {isa = PBXFileReference; lastKnownFileType = file.storyboard; path = MovieVideo.storyboard; sourceTree = "<group>"; };
		AE4A3E27289CFAD700300ABD /* MovieVideoViewController.swift */ = {isa = PBXFileReference; lastKnownFileType = sourcecode.swift; path = MovieVideoViewController.swift; sourceTree = "<group>"; };
		AECAA3B8289EB6E10080758C /* EndPoint.swift */ = {isa = PBXFileReference; lastKnownFileType = sourcecode.swift; path = EndPoint.swift; sourceTree = "<group>"; };
		AECAA3BA289EBE170080758C /* CrewInfoStruct.swift */ = {isa = PBXFileReference; lastKnownFileType = sourcecode.swift; path = CrewInfoStruct.swift; sourceTree = "<group>"; };
		AECAA3C1289EC7DD0080758C /* CrewTableViewCell.swift */ = {isa = PBXFileReference; lastKnownFileType = sourcecode.swift; path = CrewTableViewCell.swift; sourceTree = "<group>"; };
		AECAA3C2289EC7DD0080758C /* CrewTableViewCell.xib */ = {isa = PBXFileReference; lastKnownFileType = file.xib; path = CrewTableViewCell.xib; sourceTree = "<group>"; };
		AED40067289A74ED00705D27 /* TMDBCollectionViewCell.swift */ = {isa = PBXFileReference; lastKnownFileType = sourcecode.swift; path = TMDBCollectionViewCell.swift; sourceTree = "<group>"; };
		AED40068289A74ED00705D27 /* TMDBCollectionViewCell.xib */ = {isa = PBXFileReference; lastKnownFileType = file.xib; path = TMDBCollectionViewCell.xib; sourceTree = "<group>"; };
		AED4006B289A857300705D27 /* ReusableViewProtocol.swift */ = {isa = PBXFileReference; lastKnownFileType = sourcecode.swift; path = ReusableViewProtocol.swift; sourceTree = "<group>"; };
		AED5CEFC2899FD3A00E96202 /* TMDB.app */ = {isa = PBXFileReference; explicitFileType = wrapper.application; includeInIndex = 0; path = TMDB.app; sourceTree = BUILT_PRODUCTS_DIR; };
		AED5CEFF2899FD3A00E96202 /* AppDelegate.swift */ = {isa = PBXFileReference; lastKnownFileType = sourcecode.swift; path = AppDelegate.swift; sourceTree = "<group>"; };
		AED5CF012899FD3A00E96202 /* SceneDelegate.swift */ = {isa = PBXFileReference; lastKnownFileType = sourcecode.swift; path = SceneDelegate.swift; sourceTree = "<group>"; };
		AED5CF032899FD3A00E96202 /* TMDBViewController.swift */ = {isa = PBXFileReference; lastKnownFileType = sourcecode.swift; path = TMDBViewController.swift; sourceTree = "<group>"; };
		AED5CF062899FD3A00E96202 /* Base */ = {isa = PBXFileReference; lastKnownFileType = file.storyboard; name = Base; path = Base.lproj/Main.storyboard; sourceTree = "<group>"; };
		AED5CF082899FD3C00E96202 /* Assets.xcassets */ = {isa = PBXFileReference; lastKnownFileType = folder.assetcatalog; path = Assets.xcassets; sourceTree = "<group>"; };
		AED5CF0B2899FD3C00E96202 /* Base */ = {isa = PBXFileReference; lastKnownFileType = file.storyboard; name = Base; path = Base.lproj/LaunchScreen.storyboard; sourceTree = "<group>"; };
		AED5CF0D2899FD3C00E96202 /* Info.plist */ = {isa = PBXFileReference; lastKnownFileType = text.plist.xml; path = Info.plist; sourceTree = "<group>"; };
		AED5CF132899FD4F00E96202 /* .gitignore */ = {isa = PBXFileReference; lastKnownFileType = text; path = .gitignore; sourceTree = "<group>"; };
		AED5CF152899FD6F00E96202 /* APIKey.swift */ = {isa = PBXFileReference; lastKnownFileType = sourcecode.swift; path = APIKey.swift; sourceTree = "<group>"; };
/* End PBXFileReference section */

/* Begin PBXFrameworksBuildPhase section */
		AED5CEF92899FD3A00E96202 /* Frameworks */ = {
			isa = PBXFrameworksBuildPhase;
			buildActionMask = 2147483647;
			files = (
				AE4A3E14289BAFBF00300ABD /* JGProgressHUD in Frameworks */,
				AED40064289A65E800705D27 /* Kingfisher in Frameworks */,
				AED4005E289A65D100705D27 /* SwiftyJSON in Frameworks */,
				AED40061289A65DB00705D27 /* Alamofire in Frameworks */,
			);
			runOnlyForDeploymentPostprocessing = 0;
		};
/* End PBXFrameworksBuildPhase section */

/* Begin PBXGroup section */
		AE4A3E0D289BABFF00300ABD /* MovieDetail */ = {
			isa = PBXGroup;
			children = (
				AE4A3E0E289BAC2F00300ABD /* MovieDetailViewController.swift */,
				AE4A3E10289BAC3B00300ABD /* MovieDetail.storyboard */,
				AECAA3B3289EB64C0080758C /* Cell */,
			);
			path = MovieDetail;
			sourceTree = "<group>";
		};
		AE4A3E1D289C14DF00300ABD /* MainScreen */ = {
			isa = PBXGroup;
			children = (
				AED5CF032899FD3A00E96202 /* TMDBViewController.swift */,
				AED5CF052899FD3A00E96202 /* Main.storyboard */,
				AECAA3C5289ECDD40080758C /* Cell */,
			);
			path = MainScreen;
			sourceTree = "<group>";
		};
		AE4A3E1E289C153500300ABD /* Protocol & Extension */ = {
			isa = PBXGroup;
			children = (
				AED4006B289A857300705D27 /* ReusableViewProtocol.swift */,
			);
			path = "Protocol & Extension";
			sourceTree = "<group>";
		};
		AE4A3E22289CF39400300ABD /* APIManager */ = {
			isa = PBXGroup;
			children = (
				AE4A3E23289CF3AD00300ABD /* TMDBAPIManger.swift */,
			);
			path = APIManager;
			sourceTree = "<group>";
		};
		AECAA3B0289EB5B40080758C /* InfoStruct */ = {
			isa = PBXGroup;
			children = (
				AE4A3E17289C00EE00300ABD /* MovieInfoStruct.swift */,
				AE4A3E15289BBC7000300ABD /* ActorInfoStruct.swift */,
				AECAA3BA289EBE170080758C /* CrewInfoStruct.swift */,
			);
			path = InfoStruct;
			sourceTree = "<group>";
		};
		AECAA3B2289EB5BB0080758C /* MovieVideo */ = {
			isa = PBXGroup;
			children = (
				AE4A3E27289CFAD700300ABD /* MovieVideoViewController.swift */,
				AE4A3E25289CFAAB00300ABD /* MovieVideo.storyboard */,
			);
			name = MovieVideo;
			path = "New Group/New Group/MovieVideo";
			sourceTree = "<group>";
		};
		AECAA3B3289EB64C0080758C /* Cell */ = {
			isa = PBXGroup;
			children = (
				AECAA3BC289EC4260080758C /* Crew */,
				AECAA3B5289EB6690080758C /* Actor */,
				AECAA3B4289EB6610080758C /* OverView */,
			);
			path = Cell;
			sourceTree = "<group>";
		};
		AECAA3B4289EB6610080758C /* OverView */ = {
			isa = PBXGroup;
			children = (
				AE4A3E19289C0DA200300ABD /* OverViewTableViewCell.swift */,
				AE4A3E1A289C0DA200300ABD /* OverViewTableViewCell.xib */,
			);
			path = OverView;
			sourceTree = "<group>";
		};
		AECAA3B5289EB6690080758C /* Actor */ = {
			isa = PBXGroup;
			children = (
				AE4A3E09289BABFA00300ABD /* MovieDetailTableViewCell.swift */,
				AE4A3E0A289BABFA00300ABD /* MovieDetailTableViewCell.xib */,
			);
			path = Actor;
			sourceTree = "<group>";
		};
		AECAA3BC289EC4260080758C /* Crew */ = {
			isa = PBXGroup;
			children = (
				AECAA3C1289EC7DD0080758C /* CrewTableViewCell.swift */,
				AECAA3C2289EC7DD0080758C /* CrewTableViewCell.xib */,
			);
			path = Crew;
			sourceTree = "<group>";
		};
		AECAA3C5289ECDD40080758C /* Cell */ = {
			isa = PBXGroup;
			children = (
				AED40067289A74ED00705D27 /* TMDBCollectionViewCell.swift */,
				AED40068289A74ED00705D27 /* TMDBCollectionViewCell.xib */,
			);
			path = Cell;
			sourceTree = "<group>";
		};
		AED4005B289A658900705D27 /* APIKey & EndPoint */ = {
			isa = PBXGroup;
			children = (
				AED5CF152899FD6F00E96202 /* APIKey.swift */,
				AECAA3B8289EB6E10080758C /* EndPoint.swift */,
			);
			path = "APIKey & EndPoint";
			sourceTree = "<group>";
		};
		AED5CEF32899FD3A00E96202 = {
			isa = PBXGroup;
			children = (
				AED5CF132899FD4F00E96202 /* .gitignore */,
				AED5CEFE2899FD3A00E96202 /* TMDB */,
				AED5CEFD2899FD3A00E96202 /* Products */,
			);
			sourceTree = "<group>";
		};
		AED5CEFD2899FD3A00E96202 /* Products */ = {
			isa = PBXGroup;
			children = (
				AED5CEFC2899FD3A00E96202 /* TMDB.app */,
			);
			name = Products;
			sourceTree = "<group>";
		};
		AED5CEFE2899FD3A00E96202 /* TMDB */ = {
			isa = PBXGroup;
			children = (
				AED4005B289A658900705D27 /* APIKey & EndPoint */,
				AE4A3E22289CF39400300ABD /* APIManager */,
				AED5CEFF2899FD3A00E96202 /* AppDelegate.swift */,
				AED5CF082899FD3C00E96202 /* Assets.xcassets */,
				AED5CF0D2899FD3C00E96202 /* Info.plist */,
				AECAA3B0289EB5B40080758C /* InfoStruct */,
				AED5CF0A2899FD3C00E96202 /* LaunchScreen.storyboard */,
				AE4A3E1D289C14DF00300ABD /* MainScreen */,
				AE4A3E0D289BABFF00300ABD /* MovieDetail */,
				AECAA3B2289EB5BB0080758C /* MovieVideo */,
				AE4A3E1E289C153500300ABD /* Protocol & Extension */,
				AED5CF012899FD3A00E96202 /* SceneDelegate.swift */,
			);
			path = TMDB;
			sourceTree = "<group>";
		};
/* End PBXGroup section */

/* Begin PBXNativeTarget section */
		AED5CEFB2899FD3A00E96202 /* TMDB */ = {
			isa = PBXNativeTarget;
			buildConfigurationList = AED5CF102899FD3C00E96202 /* Build configuration list for PBXNativeTarget "TMDB" */;
			buildPhases = (
				AED5CEF82899FD3A00E96202 /* Sources */,
				AED5CEF92899FD3A00E96202 /* Frameworks */,
				AED5CEFA2899FD3A00E96202 /* Resources */,
			);
			buildRules = (
			);
			dependencies = (
			);
			name = TMDB;
			packageProductDependencies = (
				AED4005D289A65D100705D27 /* SwiftyJSON */,
				AED40060289A65DB00705D27 /* Alamofire */,
				AED40063289A65E800705D27 /* Kingfisher */,
				AE4A3E13289BAFBF00300ABD /* JGProgressHUD */,
			);
			productName = TMDB;
			productReference = AED5CEFC2899FD3A00E96202 /* TMDB.app */;
			productType = "com.apple.product-type.application";
		};
/* End PBXNativeTarget section */

/* Begin PBXProject section */
		AED5CEF42899FD3A00E96202 /* Project object */ = {
			isa = PBXProject;
			attributes = {
				BuildIndependentTargetsInParallel = 1;
				LastSwiftUpdateCheck = 1340;
				LastUpgradeCheck = 1340;
				TargetAttributes = {
					AED5CEFB2899FD3A00E96202 = {
						CreatedOnToolsVersion = 13.4.1;
					};
				};
			};
			buildConfigurationList = AED5CEF72899FD3A00E96202 /* Build configuration list for PBXProject "TMDB" */;
			compatibilityVersion = "Xcode 13.0";
			developmentRegion = en;
			hasScannedForEncodings = 0;
			knownRegions = (
				en,
				Base,
			);
			mainGroup = AED5CEF32899FD3A00E96202;
			packageReferences = (
				AED4005C289A65D100705D27 /* XCRemoteSwiftPackageReference "SwiftyJSON" */,
				AED4005F289A65DB00705D27 /* XCRemoteSwiftPackageReference "Alamofire" */,
				AED40062289A65E800705D27 /* XCRemoteSwiftPackageReference "Kingfisher" */,
				AE4A3E12289BAFBF00300ABD /* XCRemoteSwiftPackageReference "JGProgressHUD" */,
			);
			productRefGroup = AED5CEFD2899FD3A00E96202 /* Products */;
			projectDirPath = "";
			projectRoot = "";
			targets = (
				AED5CEFB2899FD3A00E96202 /* TMDB */,
			);
		};
/* End PBXProject section */

/* Begin PBXResourcesBuildPhase section */
		AED5CEFA2899FD3A00E96202 /* Resources */ = {
			isa = PBXResourcesBuildPhase;
			buildActionMask = 2147483647;
			files = (
				AED4006A289A74ED00705D27 /* TMDBCollectionViewCell.xib in Resources */,
				AE4A3E26289CFAAB00300ABD /* MovieVideo.storyboard in Resources */,
				AECAA3C4289EC7DD0080758C /* CrewTableViewCell.xib in Resources */,
				AED5CF142899FD4F00E96202 /* .gitignore in Resources */,
				AED5CF0C2899FD3C00E96202 /* LaunchScreen.storyboard in Resources */,
				AE4A3E0C289BABFA00300ABD /* MovieDetailTableViewCell.xib in Resources */,
				AE4A3E1C289C0DA200300ABD /* OverViewTableViewCell.xib in Resources */,
				AE4A3E11289BAC3B00300ABD /* MovieDetail.storyboard in Resources */,
				AED5CF092899FD3C00E96202 /* Assets.xcassets in Resources */,
				AED5CF072899FD3A00E96202 /* Main.storyboard in Resources */,
			);
			runOnlyForDeploymentPostprocessing = 0;
		};
/* End PBXResourcesBuildPhase section */

/* Begin PBXSourcesBuildPhase section */
		AED5CEF82899FD3A00E96202 /* Sources */ = {
			isa = PBXSourcesBuildPhase;
			buildActionMask = 2147483647;
			files = (
				AE4A3E0B289BABFA00300ABD /* MovieDetailTableViewCell.swift in Sources */,
				AED5CF042899FD3A00E96202 /* TMDBViewController.swift in Sources */,
				AE4A3E24289CF3AD00300ABD /* TMDBAPIManger.swift in Sources */,
				AE4A3E28289CFAD700300ABD /* MovieVideoViewController.swift in Sources */,
				AED5CF002899FD3A00E96202 /* AppDelegate.swift in Sources */,
				AE4A3E16289BBC7000300ABD /* ActorInfoStruct.swift in Sources */,
				AECAA3C3289EC7DD0080758C /* CrewTableViewCell.swift in Sources */,
				AED40069289A74ED00705D27 /* TMDBCollectionViewCell.swift in Sources */,
				AED5CF162899FD6F00E96202 /* APIKey.swift in Sources */,
				AE4A3E0F289BAC2F00300ABD /* MovieDetailViewController.swift in Sources */,
				AED4006C289A857300705D27 /* ReusableViewProtocol.swift in Sources */,
				AE4A3E1B289C0DA200300ABD /* OverViewTableViewCell.swift in Sources */,
				AE4A3E18289C00EE00300ABD /* MovieInfoStruct.swift in Sources */,
				AECAA3BB289EBE170080758C /* CrewInfoStruct.swift in Sources */,
				AECAA3B9289EB6E10080758C /* EndPoint.swift in Sources */,
				AED5CF022899FD3A00E96202 /* SceneDelegate.swift in Sources */,
			);
			runOnlyForDeploymentPostprocessing = 0;
		};
/* End PBXSourcesBuildPhase section */

/* Begin PBXVariantGroup section */
		AED5CF052899FD3A00E96202 /* Main.storyboard */ = {
			isa = PBXVariantGroup;
			children = (
				AED5CF062899FD3A00E96202 /* Base */,
			);
			name = Main.storyboard;
			sourceTree = "<group>";
		};
		AED5CF0A2899FD3C00E96202 /* LaunchScreen.storyboard */ = {
			isa = PBXVariantGroup;
			children = (
				AED5CF0B2899FD3C00E96202 /* Base */,
			);
			name = LaunchScreen.storyboard;
			sourceTree = "<group>";
		};
/* End PBXVariantGroup section */

/* Begin XCBuildConfiguration section */
		AED5CF0E2899FD3C00E96202 /* Debug */ = {
			isa = XCBuildConfiguration;
			buildSettings = {
				ALWAYS_SEARCH_USER_PATHS = NO;
				CLANG_ANALYZER_NONNULL = YES;
				CLANG_ANALYZER_NUMBER_OBJECT_CONVERSION = YES_AGGRESSIVE;
				CLANG_CXX_LANGUAGE_STANDARD = "gnu++17";
				CLANG_ENABLE_MODULES = YES;
				CLANG_ENABLE_OBJC_ARC = YES;
				CLANG_ENABLE_OBJC_WEAK = YES;
				CLANG_WARN_BLOCK_CAPTURE_AUTORELEASING = YES;
				CLANG_WARN_BOOL_CONVERSION = YES;
				CLANG_WARN_COMMA = YES;
				CLANG_WARN_CONSTANT_CONVERSION = YES;
				CLANG_WARN_DEPRECATED_OBJC_IMPLEMENTATIONS = YES;
				CLANG_WARN_DIRECT_OBJC_ISA_USAGE = YES_ERROR;
				CLANG_WARN_DOCUMENTATION_COMMENTS = YES;
				CLANG_WARN_EMPTY_BODY = YES;
				CLANG_WARN_ENUM_CONVERSION = YES;
				CLANG_WARN_INFINITE_RECURSION = YES;
				CLANG_WARN_INT_CONVERSION = YES;
				CLANG_WARN_NON_LITERAL_NULL_CONVERSION = YES;
				CLANG_WARN_OBJC_IMPLICIT_RETAIN_SELF = YES;
				CLANG_WARN_OBJC_LITERAL_CONVERSION = YES;
				CLANG_WARN_OBJC_ROOT_CLASS = YES_ERROR;
				CLANG_WARN_QUOTED_INCLUDE_IN_FRAMEWORK_HEADER = YES;
				CLANG_WARN_RANGE_LOOP_ANALYSIS = YES;
				CLANG_WARN_STRICT_PROTOTYPES = YES;
				CLANG_WARN_SUSPICIOUS_MOVE = YES;
				CLANG_WARN_UNGUARDED_AVAILABILITY = YES_AGGRESSIVE;
				CLANG_WARN_UNREACHABLE_CODE = YES;
				CLANG_WARN__DUPLICATE_METHOD_MATCH = YES;
				COPY_PHASE_STRIP = NO;
				DEBUG_INFORMATION_FORMAT = dwarf;
				ENABLE_STRICT_OBJC_MSGSEND = YES;
				ENABLE_TESTABILITY = YES;
				GCC_C_LANGUAGE_STANDARD = gnu11;
				GCC_DYNAMIC_NO_PIC = NO;
				GCC_NO_COMMON_BLOCKS = YES;
				GCC_OPTIMIZATION_LEVEL = 0;
				GCC_PREPROCESSOR_DEFINITIONS = (
					"DEBUG=1",
					"$(inherited)",
				);
				GCC_WARN_64_TO_32_BIT_CONVERSION = YES;
				GCC_WARN_ABOUT_RETURN_TYPE = YES_ERROR;
				GCC_WARN_UNDECLARED_SELECTOR = YES;
				GCC_WARN_UNINITIALIZED_AUTOS = YES_AGGRESSIVE;
				GCC_WARN_UNUSED_FUNCTION = YES;
				GCC_WARN_UNUSED_VARIABLE = YES;
				IPHONEOS_DEPLOYMENT_TARGET = 15.5;
				MTL_ENABLE_DEBUG_INFO = INCLUDE_SOURCE;
				MTL_FAST_MATH = YES;
				ONLY_ACTIVE_ARCH = YES;
				SDKROOT = iphoneos;
				SWIFT_ACTIVE_COMPILATION_CONDITIONS = DEBUG;
				SWIFT_OPTIMIZATION_LEVEL = "-Onone";
			};
			name = Debug;
		};
		AED5CF0F2899FD3C00E96202 /* Release */ = {
			isa = XCBuildConfiguration;
			buildSettings = {
				ALWAYS_SEARCH_USER_PATHS = NO;
				CLANG_ANALYZER_NONNULL = YES;
				CLANG_ANALYZER_NUMBER_OBJECT_CONVERSION = YES_AGGRESSIVE;
				CLANG_CXX_LANGUAGE_STANDARD = "gnu++17";
				CLANG_ENABLE_MODULES = YES;
				CLANG_ENABLE_OBJC_ARC = YES;
				CLANG_ENABLE_OBJC_WEAK = YES;
				CLANG_WARN_BLOCK_CAPTURE_AUTORELEASING = YES;
				CLANG_WARN_BOOL_CONVERSION = YES;
				CLANG_WARN_COMMA = YES;
				CLANG_WARN_CONSTANT_CONVERSION = YES;
				CLANG_WARN_DEPRECATED_OBJC_IMPLEMENTATIONS = YES;
				CLANG_WARN_DIRECT_OBJC_ISA_USAGE = YES_ERROR;
				CLANG_WARN_DOCUMENTATION_COMMENTS = YES;
				CLANG_WARN_EMPTY_BODY = YES;
				CLANG_WARN_ENUM_CONVERSION = YES;
				CLANG_WARN_INFINITE_RECURSION = YES;
				CLANG_WARN_INT_CONVERSION = YES;
				CLANG_WARN_NON_LITERAL_NULL_CONVERSION = YES;
				CLANG_WARN_OBJC_IMPLICIT_RETAIN_SELF = YES;
				CLANG_WARN_OBJC_LITERAL_CONVERSION = YES;
				CLANG_WARN_OBJC_ROOT_CLASS = YES_ERROR;
				CLANG_WARN_QUOTED_INCLUDE_IN_FRAMEWORK_HEADER = YES;
				CLANG_WARN_RANGE_LOOP_ANALYSIS = YES;
				CLANG_WARN_STRICT_PROTOTYPES = YES;
				CLANG_WARN_SUSPICIOUS_MOVE = YES;
				CLANG_WARN_UNGUARDED_AVAILABILITY = YES_AGGRESSIVE;
				CLANG_WARN_UNREACHABLE_CODE = YES;
				CLANG_WARN__DUPLICATE_METHOD_MATCH = YES;
				COPY_PHASE_STRIP = NO;
				DEBUG_INFORMATION_FORMAT = "dwarf-with-dsym";
				ENABLE_NS_ASSERTIONS = NO;
				ENABLE_STRICT_OBJC_MSGSEND = YES;
				GCC_C_LANGUAGE_STANDARD = gnu11;
				GCC_NO_COMMON_BLOCKS = YES;
				GCC_WARN_64_TO_32_BIT_CONVERSION = YES;
				GCC_WARN_ABOUT_RETURN_TYPE = YES_ERROR;
				GCC_WARN_UNDECLARED_SELECTOR = YES;
				GCC_WARN_UNINITIALIZED_AUTOS = YES_AGGRESSIVE;
				GCC_WARN_UNUSED_FUNCTION = YES;
				GCC_WARN_UNUSED_VARIABLE = YES;
				IPHONEOS_DEPLOYMENT_TARGET = 15.5;
				MTL_ENABLE_DEBUG_INFO = NO;
				MTL_FAST_MATH = YES;
				SDKROOT = iphoneos;
				SWIFT_COMPILATION_MODE = wholemodule;
				SWIFT_OPTIMIZATION_LEVEL = "-O";
				VALIDATE_PRODUCT = YES;
			};
			name = Release;
		};
		AED5CF112899FD3C00E96202 /* Debug */ = {
			isa = XCBuildConfiguration;
			buildSettings = {
				ASSETCATALOG_COMPILER_APPICON_NAME = AppIcon;
				ASSETCATALOG_COMPILER_GLOBAL_ACCENT_COLOR_NAME = AccentColor;
				CODE_SIGN_STYLE = Automatic;
				CURRENT_PROJECT_VERSION = 1;
				DEVELOPMENT_TEAM = B2VD6SF7B9;
				GENERATE_INFOPLIST_FILE = YES;
				INFOPLIST_FILE = TMDB/Info.plist;
				INFOPLIST_KEY_UIApplicationSupportsIndirectInputEvents = YES;
				INFOPLIST_KEY_UILaunchStoryboardName = LaunchScreen;
				INFOPLIST_KEY_UIMainStoryboardFile = Main;
				INFOPLIST_KEY_UISupportedInterfaceOrientations = "UIInterfaceOrientationPortrait UIInterfaceOrientationLandscapeLeft UIInterfaceOrientationLandscapeRight";
				INFOPLIST_KEY_UISupportedInterfaceOrientations_iPad = "UIInterfaceOrientationPortrait UIInterfaceOrientationPortraitUpsideDown UIInterfaceOrientationLandscapeLeft UIInterfaceOrientationLandscapeRight";
				INFOPLIST_KEY_UISupportedInterfaceOrientations_iPhone = "UIInterfaceOrientationPortrait UIInterfaceOrientationLandscapeLeft UIInterfaceOrientationLandscapeRight";
				LD_RUNPATH_SEARCH_PATHS = (
					"$(inherited)",
					"@executable_path/Frameworks",
				);
				MARKETING_VERSION = 1.0;
				PRODUCT_BUNDLE_IDENTIFIER = yeojin.SeSAC.TMDB;
				PRODUCT_NAME = "$(TARGET_NAME)";
				SWIFT_EMIT_LOC_STRINGS = YES;
				SWIFT_VERSION = 5.0;
				TARGETED_DEVICE_FAMILY = 1;
			};
			name = Debug;
		};
		AED5CF122899FD3C00E96202 /* Release */ = {
			isa = XCBuildConfiguration;
			buildSettings = {
				ASSETCATALOG_COMPILER_APPICON_NAME = AppIcon;
				ASSETCATALOG_COMPILER_GLOBAL_ACCENT_COLOR_NAME = AccentColor;
				CODE_SIGN_STYLE = Automatic;
				CURRENT_PROJECT_VERSION = 1;
				DEVELOPMENT_TEAM = B2VD6SF7B9;
				GENERATE_INFOPLIST_FILE = YES;
				INFOPLIST_FILE = TMDB/Info.plist;
				INFOPLIST_KEY_UIApplicationSupportsIndirectInputEvents = YES;
				INFOPLIST_KEY_UILaunchStoryboardName = LaunchScreen;
				INFOPLIST_KEY_UIMainStoryboardFile = Main;
				INFOPLIST_KEY_UISupportedInterfaceOrientations = "UIInterfaceOrientationPortrait UIInterfaceOrientationLandscapeLeft UIInterfaceOrientationLandscapeRight";
				INFOPLIST_KEY_UISupportedInterfaceOrientations_iPad = "UIInterfaceOrientationPortrait UIInterfaceOrientationPortraitUpsideDown UIInterfaceOrientationLandscapeLeft UIInterfaceOrientationLandscapeRight";
				INFOPLIST_KEY_UISupportedInterfaceOrientations_iPhone = "UIInterfaceOrientationPortrait UIInterfaceOrientationLandscapeLeft UIInterfaceOrientationLandscapeRight";
				LD_RUNPATH_SEARCH_PATHS = (
					"$(inherited)",
					"@executable_path/Frameworks",
				);
				MARKETING_VERSION = 1.0;
				PRODUCT_BUNDLE_IDENTIFIER = yeojin.SeSAC.TMDB;
				PRODUCT_NAME = "$(TARGET_NAME)";
				SWIFT_EMIT_LOC_STRINGS = YES;
				SWIFT_VERSION = 5.0;
				TARGETED_DEVICE_FAMILY = 1;
			};
			name = Release;
		};
/* End XCBuildConfiguration section */

/* Begin XCConfigurationList section */
		AED5CEF72899FD3A00E96202 /* Build configuration list for PBXProject "TMDB" */ = {
			isa = XCConfigurationList;
			buildConfigurations = (
				AED5CF0E2899FD3C00E96202 /* Debug */,
				AED5CF0F2899FD3C00E96202 /* Release */,
			);
			defaultConfigurationIsVisible = 0;
			defaultConfigurationName = Release;
		};
		AED5CF102899FD3C00E96202 /* Build configuration list for PBXNativeTarget "TMDB" */ = {
			isa = XCConfigurationList;
			buildConfigurations = (
				AED5CF112899FD3C00E96202 /* Debug */,
				AED5CF122899FD3C00E96202 /* Release */,
			);
			defaultConfigurationIsVisible = 0;
			defaultConfigurationName = Release;
		};
/* End XCConfigurationList section */

/* Begin XCRemoteSwiftPackageReference section */
		AE4A3E12289BAFBF00300ABD /* XCRemoteSwiftPackageReference "JGProgressHUD" */ = {
			isa = XCRemoteSwiftPackageReference;
			repositoryURL = "https://github.com/JonasGessner/JGProgressHUD.git";
			requirement = {
				kind = upToNextMajorVersion;
				minimumVersion = 2.0.0;
			};
		};
		AED4005C289A65D100705D27 /* XCRemoteSwiftPackageReference "SwiftyJSON" */ = {
			isa = XCRemoteSwiftPackageReference;
			repositoryURL = "https://github.com/SwiftyJSON/SwiftyJSON.git";
			requirement = {
				kind = upToNextMajorVersion;
				minimumVersion = 5.0.0;
			};
		};
		AED4005F289A65DB00705D27 /* XCRemoteSwiftPackageReference "Alamofire" */ = {
			isa = XCRemoteSwiftPackageReference;
			repositoryURL = "https://github.com/Alamofire/Alamofire.git";
			requirement = {
				kind = upToNextMajorVersion;
				minimumVersion = 5.0.0;
			};
		};
		AED40062289A65E800705D27 /* XCRemoteSwiftPackageReference "Kingfisher" */ = {
			isa = XCRemoteSwiftPackageReference;
			repositoryURL = "https://github.com/onevcat/Kingfisher.git";
			requirement = {
				kind = upToNextMajorVersion;
				minimumVersion = 7.0.0;
			};
		};
/* End XCRemoteSwiftPackageReference section */

/* Begin XCSwiftPackageProductDependency section */
		AE4A3E13289BAFBF00300ABD /* JGProgressHUD */ = {
			isa = XCSwiftPackageProductDependency;
			package = AE4A3E12289BAFBF00300ABD /* XCRemoteSwiftPackageReference "JGProgressHUD" */;
			productName = JGProgressHUD;
		};
		AED4005D289A65D100705D27 /* SwiftyJSON */ = {
			isa = XCSwiftPackageProductDependency;
			package = AED4005C289A65D100705D27 /* XCRemoteSwiftPackageReference "SwiftyJSON" */;
			productName = SwiftyJSON;
		};
		AED40060289A65DB00705D27 /* Alamofire */ = {
			isa = XCSwiftPackageProductDependency;
			package = AED4005F289A65DB00705D27 /* XCRemoteSwiftPackageReference "Alamofire" */;
			productName = Alamofire;
		};
		AED40063289A65E800705D27 /* Kingfisher */ = {
			isa = XCSwiftPackageProductDependency;
			package = AED40062289A65E800705D27 /* XCRemoteSwiftPackageReference "Kingfisher" */;
			productName = Kingfisher;
		};
/* End XCSwiftPackageProductDependency section */
	};
	rootObject = AED5CEF42899FD3A00E96202 /* Project object */;
}
