// !$*UTF8*$!
{
	archiveVersion = 1;
	classes = {
	};
	objectVersion = 55;
	objects = {

/* Begin PBXBuildFile section */
		AED4005E289A65D100705D27 /* SwiftyJSON in Frameworks */ = {isa = PBXBuildFile; productRef = AED4005D289A65D100705D27 /* SwiftyJSON */; };
		AED40061289A65DB00705D27 /* Alamofire in Frameworks */ = {isa = PBXBuildFile; productRef = AED40060289A65DB00705D27 /* Alamofire */; };
		AED40064289A65E800705D27 /* Kingfisher in Frameworks */ = {isa = PBXBuildFile; productRef = AED40063289A65E800705D27 /* Kingfisher */; };
		AED40066289A6FF600705D27 /* TrendingModel.swift in Sources */ = {isa = PBXBuildFile; fileRef = AED40065289A6FF600705D27 /* TrendingModel.swift */; };
		AED40069289A74ED00705D27 /* TMDBCollectionViewCell.swift in Sources */ = {isa = PBXBuildFile; fileRef = AED40067289A74ED00705D27 /* TMDBCollectionViewCell.swift */; };
		AED4006A289A74ED00705D27 /* TMDBCollectionViewCell.xib in Resources */ = {isa = PBXBuildFile; fileRef = AED40068289A74ED00705D27 /* TMDBCollectionViewCell.xib */; };
		AED4006C289A857300705D27 /* ReusableViewProtocol.swift in Sources */ = {isa = PBXBuildFile; fileRef = AED4006B289A857300705D27 /* ReusableViewProtocol.swift */; };
		AED5CF002899FD3A00E96202 /* AppDelegate.swift in Sources */ = {isa = PBXBuildFile; fileRef = AED5CEFF2899FD3A00E96202 /* AppDelegate.swift */; };
		AED5CF022899FD3A00E96202 /* SceneDelegate.swift in Sources */ = {isa = PBXBuildFile; fileRef = AED5CF012899FD3A00E96202 /* SceneDelegate.swift */; };
		AED5CF042899FD3A00E96202 /* TMDBViewController.swift in Sources */ = {isa = PBXBuildFile; fileRef = AED5CF032899FD3A00E96202 /* TMDBViewController.swift */; };
		AED5CF072899FD3A00E96202 /* Main.storyboard in Resources */ = {isa = PBXBuildFile; fileRef = AED5CF052899FD3A00E96202 /* Main.storyboard */; };
		AED5CF092899FD3C00E96202 /* Assets.xcassets in Resources */ = {isa = PBXBuildFile; fileRef = AED5CF082899FD3C00E96202 /* Assets.xcassets */; };
		AED5CF0C2899FD3C00E96202 /* LaunchScreen.storyboard in Resources */ = {isa = PBXBuildFile; fileRef = AED5CF0A2899FD3C00E96202 /* LaunchScreen.storyboard */; };
		AED5CF142899FD4F00E96202 /* .gitignore in Resources */ = {isa = PBXBuildFile; fileRef = AED5CF132899FD4F00E96202 /* .gitignore */; };
		AED5CF162899FD6F00E96202 /* APIKey.swift in Sources */ = {isa = PBXBuildFile; fileRef = AED5CF152899FD6F00E96202 /* APIKey.swift */; };
		AED5CF182899FD7B00E96202 /* Constant.swift in Sources */ = {isa = PBXBuildFile; fileRef = AED5CF172899FD7B00E96202 /* Constant.swift */; };
/* End PBXBuildFile section */

/* Begin PBXFileReference section */
		AED40065289A6FF600705D27 /* TrendingModel.swift */ = {isa = PBXFileReference; lastKnownFileType = sourcecode.swift; path = TrendingModel.swift; sourceTree = "<group>"; };
		AED40067289A74ED00705D27 /* TMDBCollectionViewCell.swift */ = {isa = PBXFileReference; lastKnownFileType = sourcecode.swift; path = TMDBCollectionViewCell.swift; sourceTree = "<group>"; };
		AED40068289A74ED00705D27 /* TMDBCollectionViewCell.xib */ = {isa = PBXFileReference; lastKnownFileType = file.xib; path = TMDBCollectionViewCell.xib; sourceTree = "<group>"; };
		AED4006B289A857300705D27 /* ReusableViewProtocol.swift */ = {isa = PBXFileReference; lastKnownFileType = sourcecode.swift; path = ReusableViewProtocol.swift; sourceTree = "<group>"; };
		AED5CEFC2899FD3A00E96202 /* TMDB.app */ = {isa = PBXFileReference; explicitFileType = wrapper.application; includeInIndex = 0; path = TMDB.app; sourceTree = BUILT_PRODUCTS_DIR; };
		AED5CEFF2899FD3A00E96202 /* AppDelegate.swift */ = {isa = PBXFileReference; lastKnownFileType = sourcecode.swift; path = AppDelegate.swift; sourceTree = "<group>"; };
		AED5CF012899FD3A00E96202 /* SceneDelegate.swift */ = {isa = PBXFileReference; lastKnownFileType = sourcecode.swift; path = SceneDelegate.swift; sourceTree = "<group>"; };
		AED5CF032899FD3A00E96202 /* TMDBViewController.swift */ = {isa = PBXFileReference; lastKnownFileType = sourcecode.swift; path = TMDBViewController.swift; sourceTree = "<group>"; };
		AED5CF062899FD3A00E96202 /* Base */ = {isa = PBXFileReference; lastKnownFileType = file.storyboard; name = Base; path = Base.lproj/Main.storyboard; sourceTree = "<group>"; };
		AED5CF082899FD3C00E96202 /* Assets.xcassets */ = {isa = PBXFileReference; lastKnownFileType = folder.assetcatalog; path = Assets.xcassets; sourceTree = "<group>"; };
		AED5CF0B2899FD3C00E96202 /* Base */ = {isa = PBXFileReference; lastKnownFileType = file.storyboard; name = Base; path = Base.lproj/LaunchScreen.storyboard; sourceTree = "<group>"; };
		AED5CF0D2899FD3C00E96202 /* Info.plist */ = {isa = PBXFileReference; lastKnownFileType = text.plist.xml; path = Info.plist; sourceTree = "<group>"; };
		AED5CF132899FD4F00E96202 /* .gitignore */ = {isa = PBXFileReference; lastKnownFileType = text; path = .gitignore; sourceTree = "<group>"; };
		AED5CF152899FD6F00E96202 /* APIKey.swift */ = {isa = PBXFileReference; lastKnownFileType = sourcecode.swift; path = APIKey.swift; sourceTree = "<group>"; };
		AED5CF172899FD7B00E96202 /* Constant.swift */ = {isa = PBXFileReference; lastKnownFileType = sourcecode.swift; path = Constant.swift; sourceTree = "<group>"; };
/* End PBXFileReference section */

/* Begin PBXFrameworksBuildPhase section */
		AED5CEF92899FD3A00E96202 /* Frameworks */ = {
			isa = PBXFrameworksBuildPhase;
			buildActionMask = 2147483647;
			files = (
				AED40064289A65E800705D27 /* Kingfisher in Frameworks */,
				AED4005E289A65D100705D27 /* SwiftyJSON in Frameworks */,
				AED40061289A65DB00705D27 /* Alamofire in Frameworks */,
			);
			runOnlyForDeploymentPostprocessing = 0;
		};
/* End PBXFrameworksBuildPhase section */

/* Begin PBXGroup section */
		AED4005B289A658900705D27 /* APIKey & Constant */ = {
			isa = PBXGroup;
			children = (
				AED5CF152899FD6F00E96202 /* APIKey.swift */,
				AED5CF172899FD7B00E96202 /* Constant.swift */,
			);
			path = "APIKey & Constant";
			sourceTree = "<group>";
		};
		AED5CEF32899FD3A00E96202 = {
			isa = PBXGroup;
			children = (
				AED5CF132899FD4F00E96202 /* .gitignore */,
				AED5CEFE2899FD3A00E96202 /* TMDB */,
				AED5CEFD2899FD3A00E96202 /* Products */,
			);
			sourceTree = "<group>";
		};
		AED5CEFD2899FD3A00E96202 /* Products */ = {
			isa = PBXGroup;
			children = (
				AED5CEFC2899FD3A00E96202 /* TMDB.app */,
			);
			name = Products;
			sourceTree = "<group>";
		};
		AED5CEFE2899FD3A00E96202 /* TMDB */ = {
			isa = PBXGroup;
			children = (
				AED4005B289A658900705D27 /* APIKey & Constant */,
				AED5CEFF2899FD3A00E96202 /* AppDelegate.swift */,
				AED5CF012899FD3A00E96202 /* SceneDelegate.swift */,
				AED5CF032899FD3A00E96202 /* TMDBViewController.swift */,
				AED4006B289A857300705D27 /* ReusableViewProtocol.swift */,
				AED40067289A74ED00705D27 /* TMDBCollectionViewCell.swift */,
				AED40068289A74ED00705D27 /* TMDBCollectionViewCell.xib */,
				AED40065289A6FF600705D27 /* TrendingModel.swift */,
				AED5CF052899FD3A00E96202 /* Main.storyboard */,
				AED5CF082899FD3C00E96202 /* Assets.xcassets */,
				AED5CF0A2899FD3C00E96202 /* LaunchScreen.storyboard */,
				AED5CF0D2899FD3C00E96202 /* Info.plist */,
			);
			path = TMDB;
			sourceTree = "<group>";
		};
/* End PBXGroup section */

/* Begin PBXNativeTarget section */
		AED5CEFB2899FD3A00E96202 /* TMDB */ = {
			isa = PBXNativeTarget;
			buildConfigurationList = AED5CF102899FD3C00E96202 /* Build configuration list for PBXNativeTarget "TMDB" */;
			buildPhases = (
				AED5CEF82899FD3A00E96202 /* Sources */,
				AED5CEF92899FD3A00E96202 /* Frameworks */,
				AED5CEFA2899FD3A00E96202 /* Resources */,
			);
			buildRules = (
			);
			dependencies = (
			);
			name = TMDB;
			packageProductDependencies = (
				AED4005D289A65D100705D27 /* SwiftyJSON */,
				AED40060289A65DB00705D27 /* Alamofire */,
				AED40063289A65E800705D27 /* Kingfisher */,
			);
			productName = TMDB;
			productReference = AED5CEFC2899FD3A00E96202 /* TMDB.app */;
			productType = "com.apple.product-type.application";
		};
/* End PBXNativeTarget section */

/* Begin PBXProject section */
		AED5CEF42899FD3A00E96202 /* Project object */ = {
			isa = PBXProject;
			attributes = {
				BuildIndependentTargetsInParallel = 1;
				LastSwiftUpdateCheck = 1340;
				LastUpgradeCheck = 1340;
				TargetAttributes = {
					AED5CEFB2899FD3A00E96202 = {
						CreatedOnToolsVersion = 13.4.1;
					};
				};
			};
			buildConfigurationList = AED5CEF72899FD3A00E96202 /* Build configuration list for PBXProject "TMDB" */;
			compatibilityVersion = "Xcode 13.0";
			developmentRegion = en;
			hasScannedForEncodings = 0;
			knownRegions = (
				en,
				Base,
			);
			mainGroup = AED5CEF32899FD3A00E96202;
			packageReferences = (
				AED4005C289A65D100705D27 /* XCRemoteSwiftPackageReference "SwiftyJSON" */,
				AED4005F289A65DB00705D27 /* XCRemoteSwiftPackageReference "Alamofire" */,
				AED40062289A65E800705D27 /* XCRemoteSwiftPackageReference "Kingfisher" */,
			);
			productRefGroup = AED5CEFD2899FD3A00E96202 /* Products */;
			projectDirPath = "";
			projectRoot = "";
			targets = (
				AED5CEFB2899FD3A00E96202 /* TMDB */,
			);
		};
/* End PBXProject section */

/* Begin PBXResourcesBuildPhase section */
		AED5CEFA2899FD3A00E96202 /* Resources */ = {
			isa = PBXResourcesBuildPhase;
			buildActionMask = 2147483647;
			files = (
				AED4006A289A74ED00705D27 /* TMDBCollectionViewCell.xib in Resources */,
				AED5CF142899FD4F00E96202 /* .gitignore in Resources */,
				AED5CF0C2899FD3C00E96202 /* LaunchScreen.storyboard in Resources */,
				AED5CF092899FD3C00E96202 /* Assets.xcassets in Resources */,
				AED5CF072899FD3A00E96202 /* Main.storyboard in Resources */,
			);
			runOnlyForDeploymentPostprocessing = 0;
		};
/* End PBXResourcesBuildPhase section */

/* Begin PBXSourcesBuildPhase section */
		AED5CEF82899FD3A00E96202 /* Sources */ = {
			isa = PBXSourcesBuildPhase;
			buildActionMask = 2147483647;
			files = (
				AED5CF042899FD3A00E96202 /* TMDBViewController.swift in Sources */,
				AED5CF002899FD3A00E96202 /* AppDelegate.swift in Sources */,
				AED5CF182899FD7B00E96202 /* Constant.swift in Sources */,
				AED40069289A74ED00705D27 /* TMDBCollectionViewCell.swift in Sources */,
				AED5CF162899FD6F00E96202 /* APIKey.swift in Sources */,
				AED4006C289A857300705D27 /* ReusableViewProtocol.swift in Sources */,
				AED40066289A6FF600705D27 /* TrendingModel.swift in Sources */,
				AED5CF022899FD3A00E96202 /* SceneDelegate.swift in Sources */,
			);
			runOnlyForDeploymentPostprocessing = 0;
		};
/* End PBXSourcesBuildPhase section */

/* Begin PBXVariantGroup section */
		AED5CF052899FD3A00E96202 /* Main.storyboard */ = {
			isa = PBXVariantGroup;
			children = (
				AED5CF062899FD3A00E96202 /* Base */,
			);
			name = Main.storyboard;
			sourceTree = "<group>";
		};
		AED5CF0A2899FD3C00E96202 /* LaunchScreen.storyboard */ = {
			isa = PBXVariantGroup;
			children = (
				AED5CF0B2899FD3C00E96202 /* Base */,
			);
			name = LaunchScreen.storyboard;
			sourceTree = "<group>";
		};
/* End PBXVariantGroup section */

/* Begin XCBuildConfiguration section */
		AED5CF0E2899FD3C00E96202 /* Debug */ = {
			isa = XCBuildConfiguration;
			buildSettings = {
				ALWAYS_SEARCH_USER_PATHS = NO;
				CLANG_ANALYZER_NONNULL = YES;
				CLANG_ANALYZER_NUMBER_OBJECT_CONVERSION = YES_AGGRESSIVE;
				CLANG_CXX_LANGUAGE_STANDARD = "gnu++17";
				CLANG_ENABLE_MODULES = YES;
				CLANG_ENABLE_OBJC_ARC = YES;
				CLANG_ENABLE_OBJC_WEAK = YES;
				CLANG_WARN_BLOCK_CAPTURE_AUTORELEASING = YES;
				CLANG_WARN_BOOL_CONVERSION = YES;
				CLANG_WARN_COMMA = YES;
				CLANG_WARN_CONSTANT_CONVERSION = YES;
				CLANG_WARN_DEPRECATED_OBJC_IMPLEMENTATIONS = YES;
				CLANG_WARN_DIRECT_OBJC_ISA_USAGE = YES_ERROR;
				CLANG_WARN_DOCUMENTATION_COMMENTS = YES;
				CLANG_WARN_EMPTY_BODY = YES;
				CLANG_WARN_ENUM_CONVERSION = YES;
				CLANG_WARN_INFINITE_RECURSION = YES;
				CLANG_WARN_INT_CONVERSION = YES;
				CLANG_WARN_NON_LITERAL_NULL_CONVERSION = YES;
				CLANG_WARN_OBJC_IMPLICIT_RETAIN_SELF = YES;
				CLANG_WARN_OBJC_LITERAL_CONVERSION = YES;
				CLANG_WARN_OBJC_ROOT_CLASS = YES_ERROR;
				CLANG_WARN_QUOTED_INCLUDE_IN_FRAMEWORK_HEADER = YES;
				CLANG_WARN_RANGE_LOOP_ANALYSIS = YES;
				CLANG_WARN_STRICT_PROTOTYPES = YES;
				CLANG_WARN_SUSPICIOUS_MOVE = YES;
				CLANG_WARN_UNGUARDED_AVAILABILITY = YES_AGGRESSIVE;
				CLANG_WARN_UNREACHABLE_CODE = YES;
				CLANG_WARN__DUPLICATE_METHOD_MATCH = YES;
				COPY_PHASE_STRIP = NO;
				DEBUG_INFORMATION_FORMAT = dwarf;
				ENABLE_STRICT_OBJC_MSGSEND = YES;
				ENABLE_TESTABILITY = YES;
				GCC_C_LANGUAGE_STANDARD = gnu11;
				GCC_DYNAMIC_NO_PIC = NO;
				GCC_NO_COMMON_BLOCKS = YES;
				GCC_OPTIMIZATION_LEVEL = 0;
				GCC_PREPROCESSOR_DEFINITIONS = (
					"DEBUG=1",
					"$(inherited)",
				);
				GCC_WARN_64_TO_32_BIT_CONVERSION = YES;
				GCC_WARN_ABOUT_RETURN_TYPE = YES_ERROR;
				GCC_WARN_UNDECLARED_SELECTOR = YES;
				GCC_WARN_UNINITIALIZED_AUTOS = YES_AGGRESSIVE;
				GCC_WARN_UNUSED_FUNCTION = YES;
				GCC_WARN_UNUSED_VARIABLE = YES;
				IPHONEOS_DEPLOYMENT_TARGET = 15.5;
				MTL_ENABLE_DEBUG_INFO = INCLUDE_SOURCE;
				MTL_FAST_MATH = YES;
				ONLY_ACTIVE_ARCH = YES;
				SDKROOT = iphoneos;
				SWIFT_ACTIVE_COMPILATION_CONDITIONS = DEBUG;
				SWIFT_OPTIMIZATION_LEVEL = "-Onone";
			};
			name = Debug;
		};
		AED5CF0F2899FD3C00E96202 /* Release */ = {
			isa = XCBuildConfiguration;
			buildSettings = {
				ALWAYS_SEARCH_USER_PATHS = NO;
				CLANG_ANALYZER_NONNULL = YES;
				CLANG_ANALYZER_NUMBER_OBJECT_CONVERSION = YES_AGGRESSIVE;
				CLANG_CXX_LANGUAGE_STANDARD = "gnu++17";
				CLANG_ENABLE_MODULES = YES;
				CLANG_ENABLE_OBJC_ARC = YES;
				CLANG_ENABLE_OBJC_WEAK = YES;
				CLANG_WARN_BLOCK_CAPTURE_AUTORELEASING = YES;
				CLANG_WARN_BOOL_CONVERSION = YES;
				CLANG_WARN_COMMA = YES;
				CLANG_WARN_CONSTANT_CONVERSION = YES;
				CLANG_WARN_DEPRECATED_OBJC_IMPLEMENTATIONS = YES;
				CLANG_WARN_DIRECT_OBJC_ISA_USAGE = YES_ERROR;
				CLANG_WARN_DOCUMENTATION_COMMENTS = YES;
				CLANG_WARN_EMPTY_BODY = YES;
				CLANG_WARN_ENUM_CONVERSION = YES;
				CLANG_WARN_INFINITE_RECURSION = YES;
				CLANG_WARN_INT_CONVERSION = YES;
				CLANG_WARN_NON_LITERAL_NULL_CONVERSION = YES;
				CLANG_WARN_OBJC_IMPLICIT_RETAIN_SELF = YES;
				CLANG_WARN_OBJC_LITERAL_CONVERSION = YES;
				CLANG_WARN_OBJC_ROOT_CLASS = YES_ERROR;
				CLANG_WARN_QUOTED_INCLUDE_IN_FRAMEWORK_HEADER = YES;
				CLANG_WARN_RANGE_LOOP_ANALYSIS = YES;
				CLANG_WARN_STRICT_PROTOTYPES = YES;
				CLANG_WARN_SUSPICIOUS_MOVE = YES;
				CLANG_WARN_UNGUARDED_AVAILABILITY = YES_AGGRESSIVE;
				CLANG_WARN_UNREACHABLE_CODE = YES;
				CLANG_WARN__DUPLICATE_METHOD_MATCH = YES;
				COPY_PHASE_STRIP = NO;
				DEBUG_INFORMATION_FORMAT = "dwarf-with-dsym";
				ENABLE_NS_ASSERTIONS = NO;
				ENABLE_STRICT_OBJC_MSGSEND = YES;
				GCC_C_LANGUAGE_STANDARD = gnu11;
				GCC_NO_COMMON_BLOCKS = YES;
				GCC_WARN_64_TO_32_BIT_CONVERSION = YES;
				GCC_WARN_ABOUT_RETURN_TYPE = YES_ERROR;
				GCC_WARN_UNDECLARED_SELECTOR = YES;
				GCC_WARN_UNINITIALIZED_AUTOS = YES_AGGRESSIVE;
				GCC_WARN_UNUSED_FUNCTION = YES;
				GCC_WARN_UNUSED_VARIABLE = YES;
				IPHONEOS_DEPLOYMENT_TARGET = 15.5;
				MTL_ENABLE_DEBUG_INFO = NO;
				MTL_FAST_MATH = YES;
				SDKROOT = iphoneos;
				SWIFT_COMPILATION_MODE = wholemodule;
				SWIFT_OPTIMIZATION_LEVEL = "-O";
				VALIDATE_PRODUCT = YES;
			};
			name = Release;
		};
		AED5CF112899FD3C00E96202 /* Debug */ = {
			isa = XCBuildConfiguration;
			buildSettings = {
				ASSETCATALOG_COMPILER_APPICON_NAME = AppIcon;
				ASSETCATALOG_COMPILER_GLOBAL_ACCENT_COLOR_NAME = AccentColor;
				CODE_SIGN_STYLE = Automatic;
				CURRENT_PROJECT_VERSION = 1;
				DEVELOPMENT_TEAM = B2VD6SF7B9;
				GENERATE_INFOPLIST_FILE = YES;
				INFOPLIST_FILE = TMDB/Info.plist;
				INFOPLIST_KEY_UIApplicationSupportsIndirectInputEvents = YES;
				INFOPLIST_KEY_UILaunchStoryboardName = LaunchScreen;
				INFOPLIST_KEY_UIMainStoryboardFile = Main;
				INFOPLIST_KEY_UISupportedInterfaceOrientations = "UIInterfaceOrientationPortrait UIInterfaceOrientationLandscapeLeft UIInterfaceOrientationLandscapeRight";
				INFOPLIST_KEY_UISupportedInterfaceOrientations_iPad = "UIInterfaceOrientationPortrait UIInterfaceOrientationPortraitUpsideDown UIInterfaceOrientationLandscapeLeft UIInterfaceOrientationLandscapeRight";
				INFOPLIST_KEY_UISupportedInterfaceOrientations_iPhone = "UIInterfaceOrientationPortrait UIInterfaceOrientationLandscapeLeft UIInterfaceOrientationLandscapeRight";
				LD_RUNPATH_SEARCH_PATHS = (
					"$(inherited)",
					"@executable_path/Frameworks",
				);
				MARKETING_VERSION = 1.0;
				PRODUCT_BUNDLE_IDENTIFIER = yeojin.SeSAC.TMDB;
				PRODUCT_NAME = "$(TARGET_NAME)";
				SWIFT_EMIT_LOC_STRINGS = YES;
				SWIFT_VERSION = 5.0;
				TARGETED_DEVICE_FAMILY = 1;
			};
			name = Debug;
		};
		AED5CF122899FD3C00E96202 /* Release */ = {
			isa = XCBuildConfiguration;
			buildSettings = {
				ASSETCATALOG_COMPILER_APPICON_NAME = AppIcon;
				ASSETCATALOG_COMPILER_GLOBAL_ACCENT_COLOR_NAME = AccentColor;
				CODE_SIGN_STYLE = Automatic;
				CURRENT_PROJECT_VERSION = 1;
				DEVELOPMENT_TEAM = B2VD6SF7B9;
				GENERATE_INFOPLIST_FILE = YES;
				INFOPLIST_FILE = TMDB/Info.plist;
				INFOPLIST_KEY_UIApplicationSupportsIndirectInputEvents = YES;
				INFOPLIST_KEY_UILaunchStoryboardName = LaunchScreen;
				INFOPLIST_KEY_UIMainStoryboardFile = Main;
				INFOPLIST_KEY_UISupportedInterfaceOrientations = "UIInterfaceOrientationPortrait UIInterfaceOrientationLandscapeLeft UIInterfaceOrientationLandscapeRight";
				INFOPLIST_KEY_UISupportedInterfaceOrientations_iPad = "UIInterfaceOrientationPortrait UIInterfaceOrientationPortraitUpsideDown UIInterfaceOrientationLandscapeLeft UIInterfaceOrientationLandscapeRight";
				INFOPLIST_KEY_UISupportedInterfaceOrientations_iPhone = "UIInterfaceOrientationPortrait UIInterfaceOrientationLandscapeLeft UIInterfaceOrientationLandscapeRight";
				LD_RUNPATH_SEARCH_PATHS = (
					"$(inherited)",
					"@executable_path/Frameworks",
				);
				MARKETING_VERSION = 1.0;
				PRODUCT_BUNDLE_IDENTIFIER = yeojin.SeSAC.TMDB;
				PRODUCT_NAME = "$(TARGET_NAME)";
				SWIFT_EMIT_LOC_STRINGS = YES;
				SWIFT_VERSION = 5.0;
				TARGETED_DEVICE_FAMILY = 1;
			};
			name = Release;
		};
/* End XCBuildConfiguration section */

/* Begin XCConfigurationList section */
		AED5CEF72899FD3A00E96202 /* Build configuration list for PBXProject "TMDB" */ = {
			isa = XCConfigurationList;
			buildConfigurations = (
				AED5CF0E2899FD3C00E96202 /* Debug */,
				AED5CF0F2899FD3C00E96202 /* Release */,
			);
			defaultConfigurationIsVisible = 0;
			defaultConfigurationName = Release;
		};
		AED5CF102899FD3C00E96202 /* Build configuration list for PBXNativeTarget "TMDB" */ = {
			isa = XCConfigurationList;
			buildConfigurations = (
				AED5CF112899FD3C00E96202 /* Debug */,
				AED5CF122899FD3C00E96202 /* Release */,
			);
			defaultConfigurationIsVisible = 0;
			defaultConfigurationName = Release;
		};
/* End XCConfigurationList section */

/* Begin XCRemoteSwiftPackageReference section */
		AED4005C289A65D100705D27 /* XCRemoteSwiftPackageReference "SwiftyJSON" */ = {
			isa = XCRemoteSwiftPackageReference;
			repositoryURL = "https://github.com/SwiftyJSON/SwiftyJSON.git";
			requirement = {
				kind = upToNextMajorVersion;
				minimumVersion = 5.0.0;
			};
		};
		AED4005F289A65DB00705D27 /* XCRemoteSwiftPackageReference "Alamofire" */ = {
			isa = XCRemoteSwiftPackageReference;
			repositoryURL = "https://github.com/Alamofire/Alamofire.git";
			requirement = {
				kind = upToNextMajorVersion;
				minimumVersion = 5.0.0;
			};
		};
		AED40062289A65E800705D27 /* XCRemoteSwiftPackageReference "Kingfisher" */ = {
			isa = XCRemoteSwiftPackageReference;
			repositoryURL = "https://github.com/onevcat/Kingfisher.git";
			requirement = {
				kind = upToNextMajorVersion;
				minimumVersion = 7.0.0;
			};
		};
/* End XCRemoteSwiftPackageReference section */

/* Begin XCSwiftPackageProductDependency section */
		AED4005D289A65D100705D27 /* SwiftyJSON */ = {
			isa = XCSwiftPackageProductDependency;
			package = AED4005C289A65D100705D27 /* XCRemoteSwiftPackageReference "SwiftyJSON" */;
			productName = SwiftyJSON;
		};
		AED40060289A65DB00705D27 /* Alamofire */ = {
			isa = XCSwiftPackageProductDependency;
			package = AED4005F289A65DB00705D27 /* XCRemoteSwiftPackageReference "Alamofire" */;
			productName = Alamofire;
		};
		AED40063289A65E800705D27 /* Kingfisher */ = {
			isa = XCSwiftPackageProductDependency;
			package = AED40062289A65E800705D27 /* XCRemoteSwiftPackageReference "Kingfisher" */;
			productName = Kingfisher;
		};
/* End XCSwiftPackageProductDependency section */
	};
	rootObject = AED5CEF42899FD3A00E96202 /* Project object */;
}
